name: gen-lock

on:
  workflow_dispatch:

jobs:
  gen:
    runs-on: ubuntu-latest
    steps:
      - uses: actions/checkout@v4
      - uses: actions/setup-node@v4
        with:
          node-version: 22
          registry-url: https://npm.pkg.github.com
      - run: rm -f package-lock.json && npm install
        env:
          GITHUB_TOKEN: ${{ secrets.GITHUB_TOKEN }}
      - uses: actions/upload-artifact@v4
        with:
          name: lock
          path: package-lock.json
